{
  "name": "lazycoder54",
  "version": "1.0.0",
  "description": "",
  "main": "index.js",
  "scripts": {
    "start": "node index.js"
  },
  "repository": {
    "type": "git",
    "url": "git+https://github.com/lazycoder54/lazycoder54.git"
  },
  "author": "",
  "license": "ISC",
  "bugs": {
    "url": "https://github.com/lazycoder54/lazycoder54/issues"
  },
  "homepage": "https://github.com/lazycoder54/lazycoder54#readme"
}

